
Microsoft Visual Studio Solution File, Format Version 12.00
# Visual Studio Version 16
VisualStudioVersion = 16.0.30804.86
MinimumVisualStudioVersion = 10.0.40219.1
Project("{FAE04EC0-301F-11D3-BF4B-00C04F79EFBC}") = "Supremacy1914 battle calculator", "Supremacy1914 battle calculator\Supremacy1914 battle calculator.csproj", "{4ED3F953-E05F-4D10-AEAC-2EE98BA2DDDA}"
EndProject
Global
	GlobalSection(SolutionConfigurationPlatforms) = preSolution
		Debug|Any CPU = Debug|Any CPU
		Release|Any CPU = Release|Any CPU
	EndGlobalSection
	GlobalSection(ProjectConfigurationPlatforms) = postSolution
		{4ED3F953-E05F-4D10-AEAC-2EE98BA2DDDA}.Debug|Any CPU.ActiveCfg = Debug|Any CPU
		{4ED3F953-E05F-4D10-AEAC-2EE98BA2DDDA}.Debug|Any CPU.Build.0 = Debug|Any CPU
		{4ED3F953-E05F-4D10-AEAC-2EE98BA2DDDA}.Release|Any CPU.ActiveCfg = Release|Any CPU
		{4ED3F953-E05F-4D10-AEAC-2EE98BA2DDDA}.Release|Any CPU.Build.0 = Release|Any CPU
	EndGlobalSection
	GlobalSection(SolutionProperties) = preSolution
		HideSolutionNode = FALSE
	EndGlobalSection
	GlobalSection(ExtensibilityGlobals) = postSolution
		SolutionGuid = {173F97B6-94E3-401B-8753-AF8616583B70}
	EndGlobalSection
EndGlobal
